// !$*UTF8*$!
{
	archiveVersion = 1;
	classes = {
	};
	objectVersion = 46;
	objects = {

/* Begin PBXBuildFile section */
		8D5345551D3DC74300FCF23D /* AppDelegate.swift in Sources */ = {isa = PBXBuildFile; fileRef = 8D5345541D3DC74300FCF23D /* AppDelegate.swift */; };
		8D53455A1D3DC74300FCF23D /* Main.storyboard in Resources */ = {isa = PBXBuildFile; fileRef = 8D5345581D3DC74300FCF23D /* Main.storyboard */; };
		8D53455C1D3DC74300FCF23D /* Assets.xcassets in Resources */ = {isa = PBXBuildFile; fileRef = 8D53455B1D3DC74300FCF23D /* Assets.xcassets */; };
		8D53455F1D3DC74300FCF23D /* LaunchScreen.storyboard in Resources */ = {isa = PBXBuildFile; fileRef = 8D53455D1D3DC74300FCF23D /* LaunchScreen.storyboard */; };
		8D53456B1D3E098B00FCF23D /* CategoriesCollectionViewController.swift in Sources */ = {isa = PBXBuildFile; fileRef = 8D53456A1D3E098B00FCF23D /* CategoriesCollectionViewController.swift */; };
		8D53456E1D3E0C7F00FCF23D /* Category.swift in Sources */ = {isa = PBXBuildFile; fileRef = 8D53456D1D3E0C7F00FCF23D /* Category.swift */; };
		8D5345701D3E0D0E00FCF23D /* Categories.swift in Sources */ = {isa = PBXBuildFile; fileRef = 8D53456F1D3E0D0E00FCF23D /* Categories.swift */; };
		8DCB4A6E1D3E74AF00EAF970 /* CategoryCollectionViewCell.swift in Sources */ = {isa = PBXBuildFile; fileRef = 8DCB4A6D1D3E74AF00EAF970 /* CategoryCollectionViewCell.swift */; };
		8DCB4A701D3E7A1C00EAF970 /* SectionHeaderView.swift in Sources */ = {isa = PBXBuildFile; fileRef = 8DCB4A6F1D3E7A1C00EAF970 /* SectionHeaderView.swift */; };
/* End PBXBuildFile section */

/* Begin PBXFileReference section */
		8D5345511D3DC74300FCF23D /* messyhat-ios.app */ = {isa = PBXFileReference; explicitFileType = wrapper.application; includeInIndex = 0; path = "messyhat-ios.app"; sourceTree = BUILT_PRODUCTS_DIR; };
		8D5345541D3DC74300FCF23D /* AppDelegate.swift */ = {isa = PBXFileReference; lastKnownFileType = sourcecode.swift; path = AppDelegate.swift; sourceTree = "<group>"; };
		8D5345591D3DC74300FCF23D /* Base */ = {isa = PBXFileReference; lastKnownFileType = file.storyboard; name = Base; path = Base.lproj/Main.storyboard; sourceTree = "<group>"; };
		8D53455B1D3DC74300FCF23D /* Assets.xcassets */ = {isa = PBXFileReference; lastKnownFileType = folder.assetcatalog; path = Assets.xcassets; sourceTree = "<group>"; };
		8D53455E1D3DC74300FCF23D /* Base */ = {isa = PBXFileReference; lastKnownFileType = file.storyboard; name = Base; path = Base.lproj/LaunchScreen.storyboard; sourceTree = "<group>"; };
		8D5345601D3DC74300FCF23D /* Info.plist */ = {isa = PBXFileReference; lastKnownFileType = text.plist.xml; path = Info.plist; sourceTree = "<group>"; };
		8D53456A1D3E098B00FCF23D /* CategoriesCollectionViewController.swift */ = {isa = PBXFileReference; fileEncoding = 4; lastKnownFileType = sourcecode.swift; path = CategoriesCollectionViewController.swift; sourceTree = "<group>"; };
		8D53456D1D3E0C7F00FCF23D /* Category.swift */ = {isa = PBXFileReference; fileEncoding = 4; lastKnownFileType = sourcecode.swift; path = Category.swift; sourceTree = "<group>"; };
		8D53456F1D3E0D0E00FCF23D /* Categories.swift */ = {isa = PBXFileReference; fileEncoding = 4; lastKnownFileType = sourcecode.swift; path = Categories.swift; sourceTree = "<group>"; };
		8DCB4A6D1D3E74AF00EAF970 /* CategoryCollectionViewCell.swift */ = {isa = PBXFileReference; fileEncoding = 4; lastKnownFileType = sourcecode.swift; path = CategoryCollectionViewCell.swift; sourceTree = "<group>"; };
		8DCB4A6F1D3E7A1C00EAF970 /* SectionHeaderView.swift */ = {isa = PBXFileReference; fileEncoding = 4; lastKnownFileType = sourcecode.swift; path = SectionHeaderView.swift; sourceTree = "<group>"; };
/* End PBXFileReference section */

/* Begin PBXFrameworksBuildPhase section */
		8D53454E1D3DC74300FCF23D /* Frameworks */ = {
			isa = PBXFrameworksBuildPhase;
			buildActionMask = 2147483647;
			files = (
			);
			runOnlyForDeploymentPostprocessing = 0;
		};
/* End PBXFrameworksBuildPhase section */

/* Begin PBXGroup section */
		8D5345481D3DC74300FCF23D = {
			isa = PBXGroup;
			children = (
				8D5345531D3DC74300FCF23D /* messyhat-ios */,
				8D5345521D3DC74300FCF23D /* Products */,
			);
			sourceTree = "<group>";
		};
		8D5345521D3DC74300FCF23D /* Products */ = {
			isa = PBXGroup;
			children = (
				8D5345511D3DC74300FCF23D /* messyhat-ios.app */,
			);
			name = Products;
			sourceTree = "<group>";
		};
		8D5345531D3DC74300FCF23D /* messyhat-ios */ = {
			isa = PBXGroup;
			children = (
				8D53456A1D3E098B00FCF23D /* CategoriesCollectionViewController.swift */,
				8D5345541D3DC74300FCF23D /* AppDelegate.swift */,
				8DCB4A6D1D3E74AF00EAF970 /* CategoryCollectionViewCell.swift */,
				8DCB4A6F1D3E7A1C00EAF970 /* SectionHeaderView.swift */,
				8D5345581D3DC74300FCF23D /* Main.storyboard */,
				8D53456C1D3E0A5A00FCF23D /* Model Classes */,
				8D53455B1D3DC74300FCF23D /* Assets.xcassets */,
				8D53455D1D3DC74300FCF23D /* LaunchScreen.storyboard */,
				8D5345601D3DC74300FCF23D /* Info.plist */,
			);
			path = "messyhat-ios";
			sourceTree = "<group>";
		};
		8D53456C1D3E0A5A00FCF23D /* Model Classes */ = {
			isa = PBXGroup;
			children = (
				8D53456D1D3E0C7F00FCF23D /* Category.swift */,
				8D53456F1D3E0D0E00FCF23D /* Categories.swift */,
			);
			name = "Model Classes";
			sourceTree = "<group>";
		};
/* End PBXGroup section */

/* Begin PBXNativeTarget section */
		8D5345501D3DC74300FCF23D /* messyhat-ios */ = {
			isa = PBXNativeTarget;
			buildConfigurationList = 8D5345631D3DC74300FCF23D /* Build configuration list for PBXNativeTarget "messyhat-ios" */;
			buildPhases = (
				8D53454D1D3DC74300FCF23D /* Sources */,
				8D53454E1D3DC74300FCF23D /* Frameworks */,
				8D53454F1D3DC74300FCF23D /* Resources */,
			);
			buildRules = (
			);
			dependencies = (
			);
			name = "messyhat-ios";
			productName = "messyhat-ios";
			productReference = 8D5345511D3DC74300FCF23D /* messyhat-ios.app */;
			productType = "com.apple.product-type.application";
		};
/* End PBXNativeTarget section */

/* Begin PBXProject section */
		8D5345491D3DC74300FCF23D /* Project object */ = {
			isa = PBXProject;
			attributes = {
				LastSwiftUpdateCheck = 0730;
				LastUpgradeCheck = 0730;
				ORGANIZATIONNAME = kelvinfok;
				TargetAttributes = {
					8D5345501D3DC74300FCF23D = {
						CreatedOnToolsVersion = 7.3.1;
					};
				};
			};
			buildConfigurationList = 8D53454C1D3DC74300FCF23D /* Build configuration list for PBXProject "messyhat-ios" */;
			compatibilityVersion = "Xcode 3.2";
			developmentRegion = English;
			hasScannedForEncodings = 0;
			knownRegions = (
				en,
				Base,
			);
			mainGroup = 8D5345481D3DC74300FCF23D;
			productRefGroup = 8D5345521D3DC74300FCF23D /* Products */;
			projectDirPath = "";
			projectRoot = "";
			targets = (
				8D5345501D3DC74300FCF23D /* messyhat-ios */,
			);
		};
/* End PBXProject section */

/* Begin PBXResourcesBuildPhase section */
		8D53454F1D3DC74300FCF23D /* Resources */ = {
			isa = PBXResourcesBuildPhase;
			buildActionMask = 2147483647;
			files = (
				8D53455F1D3DC74300FCF23D /* LaunchScreen.storyboard in Resources */,
				8D53455C1D3DC74300FCF23D /* Assets.xcassets in Resources */,
				8D53455A1D3DC74300FCF23D /* Main.storyboard in Resources */,
			);
			runOnlyForDeploymentPostprocessing = 0;
		};
/* End PBXResourcesBuildPhase section */

/* Begin PBXSourcesBuildPhase section */
		8D53454D1D3DC74300FCF23D /* Sources */ = {
			isa = PBXSourcesBuildPhase;
			buildActionMask = 2147483647;
			files = (
				8D53456B1D3E098B00FCF23D /* CategoriesCollectionViewController.swift in Sources */,
				8DCB4A701D3E7A1C00EAF970 /* SectionHeaderView.swift in Sources */,
				8DCB4A6E1D3E74AF00EAF970 /* CategoryCollectionViewCell.swift in Sources */,
				8D5345701D3E0D0E00FCF23D /* Categories.swift in Sources */,
				8D53456E1D3E0C7F00FCF23D /* Category.swift in Sources */,
				8D5345551D3DC74300FCF23D /* AppDelegate.swift in Sources */,
			);
			runOnlyForDeploymentPostprocessing = 0;
		};
/* End PBXSourcesBuildPhase section */

/* Begin PBXVariantGroup section */
		8D5345581D3DC74300FCF23D /* Main.storyboard */ = {
			isa = PBXVariantGroup;
			children = (
				8D5345591D3DC74300FCF23D /* Base */,
			);
			name = Main.storyboard;
			sourceTree = "<group>";
		};
		8D53455D1D3DC74300FCF23D /* LaunchScreen.storyboard */ = {
			isa = PBXVariantGroup;
			children = (
				8D53455E1D3DC74300FCF23D /* Base */,
			);
			name = LaunchScreen.storyboard;
			sourceTree = "<group>";
		};
/* End PBXVariantGroup section */

/* Begin XCBuildConfiguration section */
		8D5345611D3DC74300FCF23D /* Debug */ = {
			isa = XCBuildConfiguration;
			buildSettings = {
				ALWAYS_SEARCH_USER_PATHS = NO;
				CLANG_ANALYZER_NONNULL = YES;
				CLANG_CXX_LANGUAGE_STANDARD = "gnu++0x";
				CLANG_CXX_LIBRARY = "libc++";
				CLANG_ENABLE_MODULES = YES;
				CLANG_ENABLE_OBJC_ARC = YES;
				CLANG_WARN_BOOL_CONVERSION = YES;
				CLANG_WARN_CONSTANT_CONVERSION = YES;
				CLANG_WARN_DIRECT_OBJC_ISA_USAGE = YES_ERROR;
				CLANG_WARN_EMPTY_BODY = YES;
				CLANG_WARN_ENUM_CONVERSION = YES;
				CLANG_WARN_INT_CONVERSION = YES;
				CLANG_WARN_OBJC_ROOT_CLASS = YES_ERROR;
				CLANG_WARN_UNREACHABLE_CODE = YES;
				CLANG_WARN__DUPLICATE_METHOD_MATCH = YES;
				"CODE_SIGN_IDENTITY[sdk=iphoneos*]" = "iPhone Developer";
				COPY_PHASE_STRIP = NO;
				DEBUG_INFORMATION_FORMAT = dwarf;
				ENABLE_STRICT_OBJC_MSGSEND = YES;
				ENABLE_TESTABILITY = YES;
				GCC_C_LANGUAGE_STANDARD = gnu99;
				GCC_DYNAMIC_NO_PIC = NO;
				GCC_NO_COMMON_BLOCKS = YES;
				GCC_OPTIMIZATION_LEVEL = 0;
				GCC_PREPROCESSOR_DEFINITIONS = (
					"DEBUG=1",
					"$(inherited)",
				);
				GCC_WARN_64_TO_32_BIT_CONVERSION = YES;
				GCC_WARN_ABOUT_RETURN_TYPE = YES_ERROR;
				GCC_WARN_UNDECLARED_SELECTOR = YES;
				GCC_WARN_UNINITIALIZED_AUTOS = YES_AGGRESSIVE;
				GCC_WARN_UNUSED_FUNCTION = YES;
				GCC_WARN_UNUSED_VARIABLE = YES;
				IPHONEOS_DEPLOYMENT_TARGET = 9.3;
				MTL_ENABLE_DEBUG_INFO = YES;
				ONLY_ACTIVE_ARCH = YES;
				SDKROOT = iphoneos;
				SWIFT_OPTIMIZATION_LEVEL = "-Onone";
			};
			name = Debug;
		};
		8D5345621D3DC74300FCF23D /* Release */ = {
			isa = XCBuildConfiguration;
			buildSettings = {
				ALWAYS_SEARCH_USER_PATHS = NO;
				CLANG_ANALYZER_NONNULL = YES;
				CLANG_CXX_LANGUAGE_STANDARD = "gnu++0x";
				CLANG_CXX_LIBRARY = "libc++";
				CLANG_ENABLE_MODULES = YES;
				CLANG_ENABLE_OBJC_ARC = YES;
				CLANG_WARN_BOOL_CONVERSION = YES;
				CLANG_WARN_CONSTANT_CONVERSION = YES;
				CLANG_WARN_DIRECT_OBJC_ISA_USAGE = YES_ERROR;
				CLANG_WARN_EMPTY_BODY = YES;
				CLANG_WARN_ENUM_CONVERSION = YES;
				CLANG_WARN_INT_CONVERSION = YES;
				CLANG_WARN_OBJC_ROOT_CLASS = YES_ERROR;
				CLANG_WARN_UNREACHABLE_CODE = YES;
				CLANG_WARN__DUPLICATE_METHOD_MATCH = YES;
				"CODE_SIGN_IDENTITY[sdk=iphoneos*]" = "iPhone Developer";
				COPY_PHASE_STRIP = NO;
				DEBUG_INFORMATION_FORMAT = "dwarf-with-dsym";
				ENABLE_NS_ASSERTIONS = NO;
				ENABLE_STRICT_OBJC_MSGSEND = YES;
				GCC_C_LANGUAGE_STANDARD = gnu99;
				GCC_NO_COMMON_BLOCKS = YES;
				GCC_WARN_64_TO_32_BIT_CONVERSION = YES;
				GCC_WARN_ABOUT_RETURN_TYPE = YES_ERROR;
				GCC_WARN_UNDECLARED_SELECTOR = YES;
				GCC_WARN_UNINITIALIZED_AUTOS = YES_AGGRESSIVE;
				GCC_WARN_UNUSED_FUNCTION = YES;
				GCC_WARN_UNUSED_VARIABLE = YES;
				IPHONEOS_DEPLOYMENT_TARGET = 9.3;
				MTL_ENABLE_DEBUG_INFO = NO;
				SDKROOT = iphoneos;
				VALIDATE_PRODUCT = YES;
			};
			name = Release;
		};
		8D5345641D3DC74300FCF23D /* Debug */ = {
			isa = XCBuildConfiguration;
			buildSettings = {
				ASSETCATALOG_COMPILER_APPICON_NAME = AppIcon;
				INFOPLIST_FILE = "messyhat-ios/Info.plist";
				LD_RUNPATH_SEARCH_PATHS = "$(inherited) @executable_path/Frameworks";
				PRODUCT_BUNDLE_IDENTIFIER = "kelvinfok.messyhat-ios";
				PRODUCT_NAME = "$(TARGET_NAME)";
			};
			name = Debug;
		};
		8D5345651D3DC74300FCF23D /* Release */ = {
			isa = XCBuildConfiguration;
			buildSettings = {
				ASSETCATALOG_COMPILER_APPICON_NAME = AppIcon;
				INFOPLIST_FILE = "messyhat-ios/Info.plist";
				LD_RUNPATH_SEARCH_PATHS = "$(inherited) @executable_path/Frameworks";
				PRODUCT_BUNDLE_IDENTIFIER = "kelvinfok.messyhat-ios";
				PRODUCT_NAME = "$(TARGET_NAME)";
			};
			name = Release;
		};
/* End XCBuildConfiguration section */

/* Begin XCConfigurationList section */
		8D53454C1D3DC74300FCF23D /* Build configuration list for PBXProject "messyhat-ios" */ = {
			isa = XCConfigurationList;
			buildConfigurations = (
				8D5345611D3DC74300FCF23D /* Debug */,
				8D5345621D3DC74300FCF23D /* Release */,
			);
			defaultConfigurationIsVisible = 0;
			defaultConfigurationName = Release;
		};
		8D5345631D3DC74300FCF23D /* Build configuration list for PBXNativeTarget "messyhat-ios" */ = {
			isa = XCConfigurationList;
			buildConfigurations = (
				8D5345641D3DC74300FCF23D /* Debug */,
				8D5345651D3DC74300FCF23D /* Release */,
			);
			defaultConfigurationIsVisible = 0;
			defaultConfigurationName = Release;
		};
/* End XCConfigurationList section */
	};
	rootObject = 8D5345491D3DC74300FCF23D /* Project object */;
}
